
Microsoft Visual Studio Solution File, Format Version 12.00
# Visual Studio 2012
Project("{2150E333-8FDC-42A3-9474-1A3956D46DE8}") = ".nuget", ".nuget", "{132FD69F-9FB4-4834-954C-A6C0B90A90A3}"
	ProjectSection(SolutionItems) = preProject
		.nuget\NuGet.Config = .nuget\NuGet.Config
		.nuget\NuGet.exe = .nuget\NuGet.exe
		.nuget\NuGet.targets = .nuget\NuGet.targets
	EndProjectSection
EndProject
Project("{8BC9CEB8-8B4A-11D0-8D11-00A0C91BC942}") = "Part1Integers", "Part1Integers\Part1Integers.vcxproj", "{578BAEF9-8129-4B95-8C60-9E884325EE9D}"
EndProject
Project("{8BC9CEB8-8B4A-11D0-8D11-00A0C91BC942}") = "Part2FloatTypes", "Part2FloatTypes\Part2FloatTypes.vcxproj", "{A770A61D-AA81-4E52-A453-466EA01C07D3}"
EndProject
Project("{8BC9CEB8-8B4A-11D0-8D11-00A0C91BC942}") = "Part3ArithmeticOps", "Part3ArithmeticOps\Part3ArithmeticOps.vcxproj", "{36F7615A-48F6-41EB-8758-7F83D784CD37}"
EndProject
Project("{8BC9CEB8-8B4A-11D0-8D11-00A0C91BC942}") = "Part4BitOps", "Part4BitOps\Part4BitOps.vcxproj", "{79329D4D-CEE9-4E39-AFCE-31DD05C2DBB8}"
EndProject
Global
	GlobalSection(SolutionConfigurationPlatforms) = preSolution
		Debug|Win32 = Debug|Win32
		Release|Win32 = Release|Win32
	EndGlobalSection
	GlobalSection(ProjectConfigurationPlatforms) = postSolution
		{578BAEF9-8129-4B95-8C60-9E884325EE9D}.Debug|Win32.ActiveCfg = Debug|Win32
		{578BAEF9-8129-4B95-8C60-9E884325EE9D}.Debug|Win32.Build.0 = Debug|Win32
		{578BAEF9-8129-4B95-8C60-9E884325EE9D}.Release|Win32.ActiveCfg = Release|Win32
		{578BAEF9-8129-4B95-8C60-9E884325EE9D}.Release|Win32.Build.0 = Release|Win32
		{A770A61D-AA81-4E52-A453-466EA01C07D3}.Debug|Win32.ActiveCfg = Debug|Win32
		{A770A61D-AA81-4E52-A453-466EA01C07D3}.Debug|Win32.Build.0 = Debug|Win32
		{A770A61D-AA81-4E52-A453-466EA01C07D3}.Release|Win32.ActiveCfg = Release|Win32
		{A770A61D-AA81-4E52-A453-466EA01C07D3}.Release|Win32.Build.0 = Release|Win32
		{36F7615A-48F6-41EB-8758-7F83D784CD37}.Debug|Win32.ActiveCfg = Debug|Win32
		{36F7615A-48F6-41EB-8758-7F83D784CD37}.Debug|Win32.Build.0 = Debug|Win32
		{36F7615A-48F6-41EB-8758-7F83D784CD37}.Release|Win32.ActiveCfg = Release|Win32
		{36F7615A-48F6-41EB-8758-7F83D784CD37}.Release|Win32.Build.0 = Release|Win32
		{79329D4D-CEE9-4E39-AFCE-31DD05C2DBB8}.Debug|Win32.ActiveCfg = Debug|Win32
		{79329D4D-CEE9-4E39-AFCE-31DD05C2DBB8}.Debug|Win32.Build.0 = Debug|Win32
		{79329D4D-CEE9-4E39-AFCE-31DD05C2DBB8}.Release|Win32.ActiveCfg = Release|Win32
		{79329D4D-CEE9-4E39-AFCE-31DD05C2DBB8}.Release|Win32.Build.0 = Release|Win32
	EndGlobalSection
	GlobalSection(SolutionProperties) = preSolution
		HideSolutionNode = FALSE
	EndGlobalSection
EndGlobal
